
Microsoft Visual Studio Solution File, Format Version 12.00
# Visual Studio 15
VisualStudioVersion = 15.0.28307.572
MinimumVisualStudioVersion = 10.0.40219.1
Project("{FAE04EC0-301F-11D3-BF4B-00C04F79EFBC}") = "WebAppsAPI", "WebAppsAPI\WebAppsAPI.csproj", "{2F007A7A-4CC9-4BB3-92A0-065DCBAAD737}"
EndProject
Global
	GlobalSection(SolutionConfigurationPlatforms) = preSolution
		Debug|Any CPU = Debug|Any CPU
		Release|Any CPU = Release|Any CPU
	EndGlobalSection
	GlobalSection(ProjectConfigurationPlatforms) = postSolution
		{2F007A7A-4CC9-4BB3-92A0-065DCBAAD737}.Debug|Any CPU.ActiveCfg = Debug|Any CPU
		{2F007A7A-4CC9-4BB3-92A0-065DCBAAD737}.Debug|Any CPU.Build.0 = Debug|Any CPU
		{2F007A7A-4CC9-4BB3-92A0-065DCBAAD737}.Release|Any CPU.ActiveCfg = Release|Any CPU
		{2F007A7A-4CC9-4BB3-92A0-065DCBAAD737}.Release|Any CPU.Build.0 = Release|Any CPU
	EndGlobalSection
	GlobalSection(SolutionProperties) = preSolution
		HideSolutionNode = FALSE
	EndGlobalSection
	GlobalSection(ExtensibilityGlobals) = postSolution
		SolutionGuid = {7DAB7595-80A6-461C-AB12-5AC7EA250F9A}
	EndGlobalSection
EndGlobal
